// !$*UTF8*$!
{
	archiveVersion = 1;
	classes = {
	};
	objectVersion = 77;
	objects = {

/* Begin PBXBuildFile section */
		C49112232E74989400B988F5 /* WidgetKit.framework in Frameworks */ = {isa = PBXBuildFile; fileRef = C49112222E74989400B988F5 /* WidgetKit.framework */; };
		C49112252E74989400B988F5 /* SwiftUI.framework in Frameworks */ = {isa = PBXBuildFile; fileRef = C49112242E74989400B988F5 /* SwiftUI.framework */; };
		C49112312E74989600B988F5 /* CompletenessWidgetsExtension.appex in Embed Foundation Extensions */ = {isa = PBXBuildFile; fileRef = C49112202E74989400B988F5 /* CompletenessWidgetsExtension.appex */; settings = {ATTRIBUTES = (RemoveHeadersOnCopy, ); }; };
/* End PBXBuildFile section */

/* Begin PBXContainerItemProxy section */
		6422396D2E74ADD50065A7AE /* PBXContainerItemProxy */ = {
			isa = PBXContainerItemProxy;
			containerPortal = C4CFA33C2E70416900140530 /* Project object */;
			proxyType = 1;
			remoteGlobalIDString = C4CFA3432E70416900140530;
			remoteInfo = Completeness;
		};
		C4885F1D2E720C4800CE01BD /* PBXContainerItemProxy */ = {
			isa = PBXContainerItemProxy;
			containerPortal = C4CFA33C2E70416900140530 /* Project object */;
			proxyType = 1;
			remoteGlobalIDString = C4885F142E720C4700CE01BD;
			remoteInfo = "CompletenessCompenion Watch App";
		};
		C491122E2E74989600B988F5 /* PBXContainerItemProxy */ = {
			isa = PBXContainerItemProxy;
			containerPortal = C4CFA33C2E70416900140530 /* Project object */;
			proxyType = 1;
			remoteGlobalIDString = C491121F2E74989400B988F5;
			remoteInfo = CompletenessWidgetsExtension;
		};
/* End PBXContainerItemProxy section */

/* Begin PBXCopyFilesBuildPhase section */
		C4885F232E720C4800CE01BD /* Embed Watch Content */ = {
			isa = PBXCopyFilesBuildPhase;
			buildActionMask = 2147483647;
			dstPath = "$(CONTENTS_FOLDER_PATH)/Watch";
			dstSubfolderSpec = 16;
			files = (
			);
			name = "Embed Watch Content";
			runOnlyForDeploymentPostprocessing = 0;
		};
		C49112302E74989600B988F5 /* Embed Foundation Extensions */ = {
			isa = PBXCopyFilesBuildPhase;
			buildActionMask = 2147483647;
			dstPath = "";
			dstSubfolderSpec = 13;
			files = (
				C49112312E74989600B988F5 /* CompletenessWidgetsExtension.appex in Embed Foundation Extensions */,
			);
			name = "Embed Foundation Extensions";
			runOnlyForDeploymentPostprocessing = 0;
		};
/* End PBXCopyFilesBuildPhase section */

/* Begin PBXFileReference section */
		642239692E74ADD50065A7AE /* CompletenessTests.xctest */ = {isa = PBXFileReference; explicitFileType = wrapper.cfbundle; includeInIndex = 0; path = CompletenessTests.xctest; sourceTree = BUILT_PRODUCTS_DIR; };
		C4885F152E720C4700CE01BD /* CompletenessCompenion Watch App.app */ = {isa = PBXFileReference; explicitFileType = wrapper.application; includeInIndex = 0; path = "CompletenessCompenion Watch App.app"; sourceTree = BUILT_PRODUCTS_DIR; };
		C49112202E74989400B988F5 /* CompletenessWidgetsExtension.appex */ = {isa = PBXFileReference; explicitFileType = "wrapper.app-extension"; includeInIndex = 0; path = CompletenessWidgetsExtension.appex; sourceTree = BUILT_PRODUCTS_DIR; };
		C49112222E74989400B988F5 /* WidgetKit.framework */ = {isa = PBXFileReference; lastKnownFileType = wrapper.framework; name = WidgetKit.framework; path = System/Library/Frameworks/WidgetKit.framework; sourceTree = SDKROOT; };
		C49112242E74989400B988F5 /* SwiftUI.framework */ = {isa = PBXFileReference; lastKnownFileType = wrapper.framework; name = SwiftUI.framework; path = System/Library/Frameworks/SwiftUI.framework; sourceTree = SDKROOT; };
		C49112362E749B3000B988F5 /* CompletenessWidgetsExtensionRelease.entitlements */ = {isa = PBXFileReference; lastKnownFileType = text.plist.entitlements; path = CompletenessWidgetsExtensionRelease.entitlements; sourceTree = "<group>"; };
		C4CFA3442E70416900140530 /* Completeness.app */ = {isa = PBXFileReference; explicitFileType = wrapper.application; includeInIndex = 0; path = Completeness.app; sourceTree = BUILT_PRODUCTS_DIR; };
/* End PBXFileReference section */

/* Begin PBXFileSystemSynchronizedBuildFileExceptionSet section */
		C49112352E74989600B988F5 /* Exceptions for "CompletenessWidgets" folder in "CompletenessWidgetsExtension" target */ = {
			isa = PBXFileSystemSynchronizedBuildFileExceptionSet;
			membershipExceptions = (
				Info.plist,
			);
			target = C491121F2E74989400B988F5 /* CompletenessWidgetsExtension */;
		};
		C4CFA3512E70416A00140530 /* Exceptions for "Completeness" folder in "Completeness" target */ = {
			isa = PBXFileSystemSynchronizedBuildFileExceptionSet;
			membershipExceptions = (
				Info.plist,
			);
			target = C4CFA3432E70416900140530 /* Completeness */;
		};
/* End PBXFileSystemSynchronizedBuildFileExceptionSet section */

/* Begin PBXFileSystemSynchronizedRootGroup section */
		6422396A2E74ADD50065A7AE /* CompletenessTests */ = {
			isa = PBXFileSystemSynchronizedRootGroup;
			path = CompletenessTests;
			sourceTree = "<group>";
		};
		C4885F162E720C4700CE01BD /* CompletenessCompenion Watch App */ = {
			isa = PBXFileSystemSynchronizedRootGroup;
			path = "CompletenessCompenion Watch App";
			sourceTree = "<group>";
		};
		C49112262E74989400B988F5 /* CompletenessWidgets */ = {
			isa = PBXFileSystemSynchronizedRootGroup;
			exceptions = (
				C49112352E74989600B988F5 /* Exceptions for "CompletenessWidgets" folder in "CompletenessWidgetsExtension" target */,
			);
			path = CompletenessWidgets;
			sourceTree = "<group>";
		};
		C4CFA3462E70416900140530 /* Completeness */ = {
			isa = PBXFileSystemSynchronizedRootGroup;
			exceptions = (
				C4CFA3512E70416A00140530 /* Exceptions for "Completeness" folder in "Completeness" target */,
			);
			path = Completeness;
			sourceTree = "<group>";
		};
/* End PBXFileSystemSynchronizedRootGroup section */

/* Begin PBXFrameworksBuildPhase section */
		642239662E74ADD50065A7AE /* Frameworks */ = {
			isa = PBXFrameworksBuildPhase;
			buildActionMask = 2147483647;
			files = (
			);
			runOnlyForDeploymentPostprocessing = 0;
		};
		C4885F122E720C4700CE01BD /* Frameworks */ = {
			isa = PBXFrameworksBuildPhase;
			buildActionMask = 2147483647;
			files = (
			);
			runOnlyForDeploymentPostprocessing = 0;
		};
		C491121D2E74989400B988F5 /* Frameworks */ = {
			isa = PBXFrameworksBuildPhase;
			buildActionMask = 2147483647;
			files = (
				C49112252E74989400B988F5 /* SwiftUI.framework in Frameworks */,
				C49112232E74989400B988F5 /* WidgetKit.framework in Frameworks */,
			);
			runOnlyForDeploymentPostprocessing = 0;
		};
		C4CFA3412E70416900140530 /* Frameworks */ = {
			isa = PBXFrameworksBuildPhase;
			buildActionMask = 2147483647;
			files = (
			);
			runOnlyForDeploymentPostprocessing = 0;
		};
/* End PBXFrameworksBuildPhase section */

/* Begin PBXGroup section */
		C49112212E74989400B988F5 /* Frameworks */ = {
			isa = PBXGroup;
			children = (
				C49112222E74989400B988F5 /* WidgetKit.framework */,
				C49112242E74989400B988F5 /* SwiftUI.framework */,
			);
			name = Frameworks;
			sourceTree = "<group>";
		};
		C4CFA33B2E70416900140530 = {
			isa = PBXGroup;
			children = (
				C49112362E749B3000B988F5 /* CompletenessWidgetsExtensionRelease.entitlements */,
				C4CFA3462E70416900140530 /* Completeness */,
				C4885F162E720C4700CE01BD /* CompletenessCompenion Watch App */,
				C49112262E74989400B988F5 /* CompletenessWidgets */,
				6422396A2E74ADD50065A7AE /* CompletenessTests */,
				C49112212E74989400B988F5 /* Frameworks */,
				C4CFA3452E70416900140530 /* Products */,
			);
			sourceTree = "<group>";
		};
		C4CFA3452E70416900140530 /* Products */ = {
			isa = PBXGroup;
			children = (
				C4CFA3442E70416900140530 /* Completeness.app */,
				C4885F152E720C4700CE01BD /* CompletenessCompenion Watch App.app */,
				C49112202E74989400B988F5 /* CompletenessWidgetsExtension.appex */,
				642239692E74ADD50065A7AE /* CompletenessTests.xctest */,
			);
			name = Products;
			sourceTree = "<group>";
		};
/* End PBXGroup section */

/* Begin PBXNativeTarget section */
		642239682E74ADD50065A7AE /* CompletenessTests */ = {
			isa = PBXNativeTarget;
			buildConfigurationList = 642239712E74ADD50065A7AE /* Build configuration list for PBXNativeTarget "CompletenessTests" */;
			buildPhases = (
				642239652E74ADD50065A7AE /* Sources */,
				642239662E74ADD50065A7AE /* Frameworks */,
				642239672E74ADD50065A7AE /* Resources */,
			);
			buildRules = (
			);
			dependencies = (
				6422396E2E74ADD50065A7AE /* PBXTargetDependency */,
			);
			fileSystemSynchronizedGroups = (
				6422396A2E74ADD50065A7AE /* CompletenessTests */,
			);
			name = CompletenessTests;
			packageProductDependencies = (
			);
			productName = CompletenessTests;
			productReference = 642239692E74ADD50065A7AE /* CompletenessTests.xctest */;
			productType = "com.apple.product-type.bundle.unit-test";
		};
		C4885F142E720C4700CE01BD /* CompletenessCompenion Watch App */ = {
			isa = PBXNativeTarget;
			buildConfigurationList = C4885F202E720C4800CE01BD /* Build configuration list for PBXNativeTarget "CompletenessCompenion Watch App" */;
			buildPhases = (
				C4885F112E720C4700CE01BD /* Sources */,
				C4885F122E720C4700CE01BD /* Frameworks */,
				C4885F132E720C4700CE01BD /* Resources */,
			);
			buildRules = (
			);
			dependencies = (
			);
			fileSystemSynchronizedGroups = (
				C4885F162E720C4700CE01BD /* CompletenessCompenion Watch App */,
			);
			name = "CompletenessCompenion Watch App";
			packageProductDependencies = (
			);
			productName = "CompletenessCompenion Watch App";
			productReference = C4885F152E720C4700CE01BD /* CompletenessCompenion Watch App.app */;
			productType = "com.apple.product-type.application";
		};
		C491121F2E74989400B988F5 /* CompletenessWidgetsExtension */ = {
			isa = PBXNativeTarget;
			buildConfigurationList = C49112342E74989600B988F5 /* Build configuration list for PBXNativeTarget "CompletenessWidgetsExtension" */;
			buildPhases = (
				C491121C2E74989400B988F5 /* Sources */,
				C491121D2E74989400B988F5 /* Frameworks */,
				C491121E2E74989400B988F5 /* Resources */,
			);
			buildRules = (
			);
			dependencies = (
			);
			fileSystemSynchronizedGroups = (
				C49112262E74989400B988F5 /* CompletenessWidgets */,
			);
			name = CompletenessWidgetsExtension;
			packageProductDependencies = (
			);
			productName = CompletenessWidgetsExtension;
			productReference = C49112202E74989400B988F5 /* CompletenessWidgetsExtension.appex */;
			productType = "com.apple.product-type.app-extension";
		};
		C4CFA3432E70416900140530 /* Completeness */ = {
			isa = PBXNativeTarget;
			buildConfigurationList = C4CFA3522E70416A00140530 /* Build configuration list for PBXNativeTarget "Completeness" */;
			buildPhases = (
				C4CFA3572E70940100140530 /* ShellScript */,
				C4CFA3402E70416900140530 /* Sources */,
				C4CFA3412E70416900140530 /* Frameworks */,
				C4CFA3422E70416900140530 /* Resources */,
				C4885F232E720C4800CE01BD /* Embed Watch Content */,
				C49112302E74989600B988F5 /* Embed Foundation Extensions */,
			);
			buildRules = (
			);
			dependencies = (
				C4885F1E2E720C4800CE01BD /* PBXTargetDependency */,
				C491122F2E74989600B988F5 /* PBXTargetDependency */,
			);
			fileSystemSynchronizedGroups = (
				C4CFA3462E70416900140530 /* Completeness */,
			);
			name = Completeness;
			packageProductDependencies = (
			);
			productName = Completeness;
			productReference = C4CFA3442E70416900140530 /* Completeness.app */;
			productType = "com.apple.product-type.application";
		};
/* End PBXNativeTarget section */

/* Begin PBXProject section */
		C4CFA33C2E70416900140530 /* Project object */ = {
			isa = PBXProject;
			attributes = {
				BuildIndependentTargetsInParallel = 1;
				LastSwiftUpdateCheck = 1630;
				LastUpgradeCheck = 1640;
				TargetAttributes = {
					642239682E74ADD50065A7AE = {
						CreatedOnToolsVersion = 16.3;
						TestTargetID = C4CFA3432E70416900140530;
					};
					C4885F142E720C4700CE01BD = {
						CreatedOnToolsVersion = 16.4;
					};
					C491121F2E74989400B988F5 = {
						CreatedOnToolsVersion = 16.4;
					};
					C4CFA3432E70416900140530 = {
						CreatedOnToolsVersion = 16.3;
					};
				};
			};
			buildConfigurationList = C4CFA33F2E70416900140530 /* Build configuration list for PBXProject "Completeness" */;
			developmentRegion = "pt-BR";
			hasScannedForEncodings = 0;
			knownRegions = (
				en,
				Base,
				"pt-BR",
			);
			mainGroup = C4CFA33B2E70416900140530;
			minimizedProjectReferenceProxies = 1;
			preferredProjectObjectVersion = 77;
			productRefGroup = C4CFA3452E70416900140530 /* Products */;
			projectDirPath = "";
			projectRoot = "";
			targets = (
				C4CFA3432E70416900140530 /* Completeness */,
				C4885F142E720C4700CE01BD /* CompletenessCompenion Watch App */,
				C491121F2E74989400B988F5 /* CompletenessWidgetsExtension */,
				642239682E74ADD50065A7AE /* CompletenessTests */,
			);
		};
/* End PBXProject section */

/* Begin PBXResourcesBuildPhase section */
		642239672E74ADD50065A7AE /* Resources */ = {
			isa = PBXResourcesBuildPhase;
			buildActionMask = 2147483647;
			files = (
			);
			runOnlyForDeploymentPostprocessing = 0;
		};
		C4885F132E720C4700CE01BD /* Resources */ = {
			isa = PBXResourcesBuildPhase;
			buildActionMask = 2147483647;
			files = (
			);
			runOnlyForDeploymentPostprocessing = 0;
		};
		C491121E2E74989400B988F5 /* Resources */ = {
			isa = PBXResourcesBuildPhase;
			buildActionMask = 2147483647;
			files = (
			);
			runOnlyForDeploymentPostprocessing = 0;
		};
		C4CFA3422E70416900140530 /* Resources */ = {
			isa = PBXResourcesBuildPhase;
			buildActionMask = 2147483647;
			files = (
			);
			runOnlyForDeploymentPostprocessing = 0;
		};
/* End PBXResourcesBuildPhase section */

/* Begin PBXShellScriptBuildPhase section */
		C4CFA3572E70940100140530 /* ShellScript */ = {
			isa = PBXShellScriptBuildPhase;
			alwaysOutOfDate = 1;
			buildActionMask = 2147483647;
			files = (
			);
			inputFileListPaths = (
			);
			inputPaths = (
			);
			outputFileListPaths = (
			);
			outputPaths = (
			);
			runOnlyForDeploymentPostprocessing = 0;
			shellPath = /bin/sh;
			shellScript = "# Type a script or drag a script file from your workspace to insert its path.\nif [[ -x /opt/homebrew/bin/swiftlint ]]; then\n  /opt/homebrew/bin/swiftlint || true\nfi\n\nexit 0\n";
		};
/* End PBXShellScriptBuildPhase section */

/* Begin PBXSourcesBuildPhase section */
		642239652E74ADD50065A7AE /* Sources */ = {
			isa = PBXSourcesBuildPhase;
			buildActionMask = 2147483647;
			files = (
			);
			runOnlyForDeploymentPostprocessing = 0;
		};
		C4885F112E720C4700CE01BD /* Sources */ = {
			isa = PBXSourcesBuildPhase;
			buildActionMask = 2147483647;
			files = (
			);
			runOnlyForDeploymentPostprocessing = 0;
		};
		C491121C2E74989400B988F5 /* Sources */ = {
			isa = PBXSourcesBuildPhase;
			buildActionMask = 2147483647;
			files = (
			);
			runOnlyForDeploymentPostprocessing = 0;
		};
		C4CFA3402E70416900140530 /* Sources */ = {
			isa = PBXSourcesBuildPhase;
			buildActionMask = 2147483647;
			files = (
			);
			runOnlyForDeploymentPostprocessing = 0;
		};
/* End PBXSourcesBuildPhase section */

/* Begin PBXTargetDependency section */
		6422396E2E74ADD50065A7AE /* PBXTargetDependency */ = {
			isa = PBXTargetDependency;
			target = C4CFA3432E70416900140530 /* Completeness */;
			targetProxy = 6422396D2E74ADD50065A7AE /* PBXContainerItemProxy */;
		};
		C4885F1E2E720C4800CE01BD /* PBXTargetDependency */ = {
			isa = PBXTargetDependency;
			target = C4885F142E720C4700CE01BD /* CompletenessCompenion Watch App */;
			targetProxy = C4885F1D2E720C4800CE01BD /* PBXContainerItemProxy */;
		};
		C491122F2E74989600B988F5 /* PBXTargetDependency */ = {
			isa = PBXTargetDependency;
			target = C491121F2E74989400B988F5 /* CompletenessWidgetsExtension */;
			targetProxy = C491122E2E74989600B988F5 /* PBXContainerItemProxy */;
		};
/* End PBXTargetDependency section */

/* Begin XCBuildConfiguration section */
		6422396F2E74ADD50065A7AE /* Debug */ = {
			isa = XCBuildConfiguration;
			buildSettings = {
				BUNDLE_LOADER = "$(TEST_HOST)";
				CODE_SIGN_STYLE = Automatic;
				CURRENT_PROJECT_VERSION = 1;
				DEVELOPMENT_TEAM = YBSTQNCUFV;
				GENERATE_INFOPLIST_FILE = YES;
				MARKETING_VERSION = 1.0;
				PRODUCT_BUNDLE_IDENTIFIER = vitor.CompletenessTests;
				PRODUCT_NAME = "$(TARGET_NAME)";
				SWIFT_EMIT_LOC_STRINGS = NO;
				SWIFT_VERSION = 5.0;
				TARGETED_DEVICE_FAMILY = "1,2";
				TEST_HOST = "$(BUILT_PRODUCTS_DIR)/Completeness.app/$(BUNDLE_EXECUTABLE_FOLDER_PATH)/Completeness";
			};
			name = Debug;
		};
		642239702E74ADD50065A7AE /* Release */ = {
			isa = XCBuildConfiguration;
			buildSettings = {
				BUNDLE_LOADER = "$(TEST_HOST)";
				CODE_SIGN_STYLE = Automatic;
				CURRENT_PROJECT_VERSION = 1;
				DEVELOPMENT_TEAM = YBSTQNCUFV;
				GENERATE_INFOPLIST_FILE = YES;
				MARKETING_VERSION = 1.0;
				PRODUCT_BUNDLE_IDENTIFIER = vitor.CompletenessTests;
				PRODUCT_NAME = "$(TARGET_NAME)";
				SWIFT_EMIT_LOC_STRINGS = NO;
				SWIFT_VERSION = 5.0;
				TARGETED_DEVICE_FAMILY = "1,2";
				TEST_HOST = "$(BUILT_PRODUCTS_DIR)/Completeness.app/$(BUNDLE_EXECUTABLE_FOLDER_PATH)/Completeness";
			};
			name = Release;
		};
		C4885F212E720C4800CE01BD /* Debug */ = {
			isa = XCBuildConfiguration;
			buildSettings = {
				ASSETCATALOG_COMPILER_APPICON_NAME = AppIcon;
				ASSETCATALOG_COMPILER_GLOBAL_ACCENT_COLOR_NAME = AccentColor;
				CODE_SIGN_ENTITLEMENTS = "CompletenessCompenion Watch App/CompletenessCompenion Watch App.entitlements";
				"CODE_SIGN_IDENTITY[sdk=watchos*]" = "iPhone Developer";
				CODE_SIGN_STYLE = Manual;
				CURRENT_PROJECT_VERSION = 1;
				DEVELOPMENT_TEAM = "";
				"DEVELOPMENT_TEAM[sdk=watchos*]" = W35YJ39H5L;
				ENABLE_PREVIEWS = YES;
				GENERATE_INFOPLIST_FILE = YES;
				INFOPLIST_FILE = "CompletenessCompenion-Watch-App-Info.plist";
				INFOPLIST_KEY_CFBundleDisplayName = CompletenessCompenion;
				INFOPLIST_KEY_UISupportedInterfaceOrientations = "UIInterfaceOrientationPortrait UIInterfaceOrientationPortraitUpsideDown";
				INFOPLIST_KEY_WKCompanionAppBundleIdentifier = br.academy.Completeness;
				INFOPLIST_KEY_WKRunsIndependentlyOfCompanionApp = YES;
				LD_RUNPATH_SEARCH_PATHS = (
					"$(inherited)",
					"@executable_path/Frameworks",
				);
				MARKETING_VERSION = 1.0;
				PRODUCT_BUNDLE_IDENTIFIER = br.academy.Completeness.watchkitapp;
				PRODUCT_NAME = "$(TARGET_NAME)";
				PROVISIONING_PROFILE_SPECIFIER = "";
				"PROVISIONING_PROFILE_SPECIFIER[sdk=watchos*]" = CompletenessWatchOSProfile;
				RESOURCES_TARGETED_DEVICE_FAMILY = "";
				SDKROOT = watchos;
				SKIP_INSTALL = YES;
				SUPPORTED_PLATFORMS = "watchsimulator watchos";
				SWIFT_EMIT_LOC_STRINGS = YES;
				SWIFT_VERSION = 5.0;
				TARGETED_DEVICE_FAMILY = 4;
				WATCHOS_DEPLOYMENT_TARGET = 11.0;
			};
			name = Debug;
		};
		C4885F222E720C4800CE01BD /* Release */ = {
			isa = XCBuildConfiguration;
			buildSettings = {
				ASSETCATALOG_COMPILER_APPICON_NAME = AppIcon;
				ASSETCATALOG_COMPILER_GLOBAL_ACCENT_COLOR_NAME = AccentColor;
				CODE_SIGN_ENTITLEMENTS = "CompletenessCompenion Watch App/CompletenessCompenion Watch AppRelease.entitlements";
				"CODE_SIGN_IDENTITY[sdk=watchos*]" = "iPhone Developer";
				CODE_SIGN_STYLE = Manual;
				CURRENT_PROJECT_VERSION = 1;
				DEVELOPMENT_TEAM = "";
				"DEVELOPMENT_TEAM[sdk=macosx*]" = "";
				"DEVELOPMENT_TEAM[sdk=watchos*]" = W35YJ39H5L;
				ENABLE_PREVIEWS = YES;
				GENERATE_INFOPLIST_FILE = YES;
				INFOPLIST_FILE = "CompletenessCompenion-Watch-App-Info.plist";
				INFOPLIST_KEY_CFBundleDisplayName = CompletenessCompenion;
				INFOPLIST_KEY_UISupportedInterfaceOrientations = "UIInterfaceOrientationPortrait UIInterfaceOrientationPortraitUpsideDown";
				INFOPLIST_KEY_WKCompanionAppBundleIdentifier = br.academy.Completeness;
				INFOPLIST_KEY_WKRunsIndependentlyOfCompanionApp = YES;
				LD_RUNPATH_SEARCH_PATHS = (
					"$(inherited)",
					"@executable_path/Frameworks",
				);
				MARKETING_VERSION = 1.0;
				PRODUCT_BUNDLE_IDENTIFIER = br.academy.Completeness.watchkitapp;
				PRODUCT_NAME = "$(TARGET_NAME)";
				PROVISIONING_PROFILE_SPECIFIER = "";
				"PROVISIONING_PROFILE_SPECIFIER[sdk=macosx*]" = "";
				"PROVISIONING_PROFILE_SPECIFIER[sdk=watchos*]" = CompletenessWatchOSProfile;
				RESOURCES_TARGETED_DEVICE_FAMILY = "";
				SDKROOT = watchos;
				SKIP_INSTALL = YES;
				SUPPORTED_PLATFORMS = "watchsimulator watchos";
				SWIFT_EMIT_LOC_STRINGS = YES;
				SWIFT_VERSION = 5.0;
				TARGETED_DEVICE_FAMILY = 4;
				WATCHOS_DEPLOYMENT_TARGET = 11.0;
			};
			name = Release;
		};
		C49112322E74989600B988F5 /* Debug */ = {
			isa = XCBuildConfiguration;
			buildSettings = {
				ASSETCATALOG_COMPILER_GLOBAL_ACCENT_COLOR_NAME = AccentColor;
				ASSETCATALOG_COMPILER_WIDGET_BACKGROUND_COLOR_NAME = WidgetBackground;
				"CODE_SIGN_IDENTITY[sdk=iphoneos*]" = "iPhone Developer";
				CODE_SIGN_STYLE = Manual;
				CURRENT_PROJECT_VERSION = 1;
				DEVELOPMENT_TEAM = "";
				"DEVELOPMENT_TEAM[sdk=iphoneos*]" = W35YJ39H5L;
				GENERATE_INFOPLIST_FILE = YES;
				INFOPLIST_FILE = CompletenessWidgets/Info.plist;
				INFOPLIST_KEY_CFBundleDisplayName = CompletenessWidgets;
				INFOPLIST_KEY_NSHumanReadableCopyright = "";
				IPHONEOS_DEPLOYMENT_TARGET = 18.5;
				LD_RUNPATH_SEARCH_PATHS = (
					"$(inherited)",
					"@executable_path/Frameworks",
					"@executable_path/../../Frameworks",
				);
				MARKETING_VERSION = 1.0;
				PRODUCT_BUNDLE_IDENTIFIER = br.academy.Completeness.CompletenessWidgets;
				PRODUCT_NAME = "$(TARGET_NAME)";
				PROVISIONING_PROFILE_SPECIFIER = "";
				"PROVISIONING_PROFILE_SPECIFIER[sdk=iphoneos*]" = CompletenesWidgetsPP;
				REGISTER_APP_GROUPS = YES;
				SKIP_INSTALL = YES;
				SUPPORTED_PLATFORMS = "iphoneos iphonesimulator";
				SUPPORTS_MACCATALYST = NO;
				SUPPORTS_MAC_DESIGNED_FOR_IPHONE_IPAD = NO;
				SWIFT_EMIT_LOC_STRINGS = YES;
				SWIFT_VERSION = 5.0;
				TARGETED_DEVICE_FAMILY = "1,2";
			};
			name = Debug;
		};
		C49112332E74989600B988F5 /* Release */ = {
			isa = XCBuildConfiguration;
			buildSettings = {
				ASSETCATALOG_COMPILER_GLOBAL_ACCENT_COLOR_NAME = AccentColor;
				ASSETCATALOG_COMPILER_WIDGET_BACKGROUND_COLOR_NAME = WidgetBackground;
				CODE_SIGN_ENTITLEMENTS = CompletenessWidgetsExtensionRelease.entitlements;
				"CODE_SIGN_IDENTITY[sdk=iphoneos*]" = "iPhone Developer";
				CODE_SIGN_STYLE = Manual;
				CURRENT_PROJECT_VERSION = 1;
				DEVELOPMENT_TEAM = "";
				"DEVELOPMENT_TEAM[sdk=iphoneos*]" = W35YJ39H5L;
				GENERATE_INFOPLIST_FILE = YES;
				INFOPLIST_FILE = CompletenessWidgets/Info.plist;
				INFOPLIST_KEY_CFBundleDisplayName = CompletenessWidgets;
				INFOPLIST_KEY_NSHumanReadableCopyright = "";
				IPHONEOS_DEPLOYMENT_TARGET = 18.5;
				LD_RUNPATH_SEARCH_PATHS = (
					"$(inherited)",
					"@executable_path/Frameworks",
					"@executable_path/../../Frameworks",
				);
				MARKETING_VERSION = 1.0;
				PRODUCT_BUNDLE_IDENTIFIER = br.academy.Completeness.CompletenessWidgets;
				PRODUCT_NAME = "$(TARGET_NAME)";
				PROVISIONING_PROFILE_SPECIFIER = "";
				"PROVISIONING_PROFILE_SPECIFIER[sdk=iphoneos*]" = CompletenesWidgetsPP;
				REGISTER_APP_GROUPS = YES;
				SKIP_INSTALL = YES;
				SUPPORTED_PLATFORMS = "iphoneos iphonesimulator";
				SUPPORTS_MACCATALYST = NO;
				SUPPORTS_MAC_DESIGNED_FOR_IPHONE_IPAD = NO;
				SWIFT_EMIT_LOC_STRINGS = YES;
				SWIFT_VERSION = 5.0;
				TARGETED_DEVICE_FAMILY = "1,2";
			};
			name = Release;
		};
		C4CFA3532E70416A00140530 /* Debug */ = {
			isa = XCBuildConfiguration;
			buildSettings = {
				ASSETCATALOG_COMPILER_APPICON_NAME = AppIcon;
				ASSETCATALOG_COMPILER_GLOBAL_ACCENT_COLOR_NAME = AccentColor;
				CODE_SIGN_ENTITLEMENTS = Completeness/Completeness.entitlements;
				"CODE_SIGN_IDENTITY[sdk=iphoneos*]" = "iPhone Developer";
				CODE_SIGN_STYLE = Manual;
				CURRENT_PROJECT_VERSION = 1;
				DEVELOPMENT_TEAM = "";
				"DEVELOPMENT_TEAM[sdk=iphoneos*]" = W35YJ39H5L;
				ENABLE_PREVIEWS = YES;
				ENABLE_USER_SCRIPT_SANDBOXING = NO;
				GENERATE_INFOPLIST_FILE = YES;
				INFOPLIST_FILE = Completeness/Info.plist;
				INFOPLIST_KEY_LSApplicationCategoryType = "public.app-category.lifestyle";
				INFOPLIST_KEY_NSFaceIDUsageDescription = "\"We use FaceID to restrict who can acess the app\"";
				INFOPLIST_KEY_UIApplicationSceneManifest_Generation = YES;
				INFOPLIST_KEY_UIApplicationSupportsIndirectInputEvents = YES;
				INFOPLIST_KEY_UILaunchScreen_Generation = YES;
				INFOPLIST_KEY_UISupportedInterfaceOrientations_iPad = "UIInterfaceOrientationPortrait UIInterfaceOrientationPortraitUpsideDown UIInterfaceOrientationLandscapeLeft UIInterfaceOrientationLandscapeRight";
				INFOPLIST_KEY_UISupportedInterfaceOrientations_iPhone = "UIInterfaceOrientationPortrait UIInterfaceOrientationLandscapeLeft UIInterfaceOrientationLandscapeRight";
				IPHONEOS_DEPLOYMENT_TARGET = 18.0;
				LD_RUNPATH_SEARCH_PATHS = (
					"$(inherited)",
					"@executable_path/Frameworks",
				);
				MARKETING_VERSION = 1.0;
				PRODUCT_BUNDLE_IDENTIFIER = br.academy.Completeness;
				PRODUCT_NAME = "$(TARGET_NAME)";
				PROVISIONING_PROFILE_SPECIFIER = "";
				"PROVISIONING_PROFILE_SPECIFIER[sdk=iphoneos*]" = CompletenessiOSProfile;
				SUPPORTED_PLATFORMS = "iphoneos iphonesimulator";
				SUPPORTS_MACCATALYST = NO;
				SUPPORTS_MAC_DESIGNED_FOR_IPHONE_IPAD = NO;
				SWIFT_EMIT_LOC_STRINGS = YES;
				SWIFT_VERSION = 5.0;
				TARGETED_DEVICE_FAMILY = "1,4";
			};
			name = Debug;
		};
		C4CFA3542E70416A00140530 /* Release */ = {
			isa = XCBuildConfiguration;
			buildSettings = {
				ASSETCATALOG_COMPILER_APPICON_NAME = AppIcon;
				ASSETCATALOG_COMPILER_GLOBAL_ACCENT_COLOR_NAME = AccentColor;
				CODE_SIGN_ENTITLEMENTS = Completeness/CompletenessRelease.entitlements;
				"CODE_SIGN_IDENTITY[sdk=iphoneos*]" = "iPhone Developer";
				CODE_SIGN_STYLE = Manual;
				CURRENT_PROJECT_VERSION = 1;
				DEVELOPMENT_TEAM = "";
				"DEVELOPMENT_TEAM[sdk=iphoneos*]" = W35YJ39H5L;
				ENABLE_PREVIEWS = YES;
				ENABLE_USER_SCRIPT_SANDBOXING = NO;
				GENERATE_INFOPLIST_FILE = YES;
				INFOPLIST_FILE = Completeness/Info.plist;
				INFOPLIST_KEY_LSApplicationCategoryType = "public.app-category.lifestyle";
				INFOPLIST_KEY_NSFaceIDUsageDescription = "\"We use FaceID to restrict who can acess the app\"";
				INFOPLIST_KEY_UIApplicationSceneManifest_Generation = YES;
				INFOPLIST_KEY_UIApplicationSupportsIndirectInputEvents = YES;
				INFOPLIST_KEY_UILaunchScreen_Generation = YES;
				INFOPLIST_KEY_UISupportedInterfaceOrientations_iPad = "UIInterfaceOrientationPortrait UIInterfaceOrientationPortraitUpsideDown UIInterfaceOrientationLandscapeLeft UIInterfaceOrientationLandscapeRight";
				INFOPLIST_KEY_UISupportedInterfaceOrientations_iPhone = "UIInterfaceOrientationPortrait UIInterfaceOrientationLandscapeLeft UIInterfaceOrientationLandscapeRight";
				IPHONEOS_DEPLOYMENT_TARGET = 18.0;
				LD_RUNPATH_SEARCH_PATHS = (
					"$(inherited)",
					"@executable_path/Frameworks",
				);
				MARKETING_VERSION = 1.0;
				PRODUCT_BUNDLE_IDENTIFIER = br.academy.Completeness;
				PRODUCT_NAME = "$(TARGET_NAME)";
				PROVISIONING_PROFILE_SPECIFIER = "";
				"PROVISIONING_PROFILE_SPECIFIER[sdk=iphoneos*]" = CompletenessiOSPP;
				SUPPORTED_PLATFORMS = "iphoneos iphonesimulator";
				SUPPORTS_MACCATALYST = NO;
				SUPPORTS_MAC_DESIGNED_FOR_IPHONE_IPAD = NO;
				SWIFT_EMIT_LOC_STRINGS = YES;
				SWIFT_VERSION = 5.0;
				TARGETED_DEVICE_FAMILY = "1,4";
			};
			name = Release;
		};
		C4CFA3552E70416A00140530 /* Debug */ = {
			isa = XCBuildConfiguration;
			buildSettings = {
				ALLOW_TARGET_PLATFORM_SPECIALIZATION = YES;
				ALWAYS_SEARCH_USER_PATHS = NO;
				ASSETCATALOG_COMPILER_GENERATE_SWIFT_ASSET_SYMBOL_EXTENSIONS = YES;
				CLANG_ANALYZER_LOCALIZABILITY_NONLOCALIZED = YES;
				CLANG_ANALYZER_NONNULL = YES;
				CLANG_ANALYZER_NUMBER_OBJECT_CONVERSION = YES_AGGRESSIVE;
				CLANG_CXX_LANGUAGE_STANDARD = "gnu++20";
				CLANG_ENABLE_MODULES = YES;
				CLANG_ENABLE_OBJC_ARC = YES;
				CLANG_ENABLE_OBJC_WEAK = YES;
				CLANG_WARN_BLOCK_CAPTURE_AUTORELEASING = YES;
				CLANG_WARN_BOOL_CONVERSION = YES;
				CLANG_WARN_COMMA = YES;
				CLANG_WARN_CONSTANT_CONVERSION = YES;
				CLANG_WARN_DEPRECATED_OBJC_IMPLEMENTATIONS = YES;
				CLANG_WARN_DIRECT_OBJC_ISA_USAGE = YES_ERROR;
				CLANG_WARN_DOCUMENTATION_COMMENTS = YES;
				CLANG_WARN_EMPTY_BODY = YES;
				CLANG_WARN_ENUM_CONVERSION = YES;
				CLANG_WARN_INFINITE_RECURSION = YES;
				CLANG_WARN_INT_CONVERSION = YES;
				CLANG_WARN_NON_LITERAL_NULL_CONVERSION = YES;
				CLANG_WARN_OBJC_IMPLICIT_RETAIN_SELF = YES;
				CLANG_WARN_OBJC_LITERAL_CONVERSION = YES;
				CLANG_WARN_OBJC_ROOT_CLASS = YES_ERROR;
				CLANG_WARN_QUOTED_INCLUDE_IN_FRAMEWORK_HEADER = YES;
				CLANG_WARN_RANGE_LOOP_ANALYSIS = YES;
				CLANG_WARN_STRICT_PROTOTYPES = YES;
				CLANG_WARN_SUSPICIOUS_MOVE = YES;
				CLANG_WARN_UNGUARDED_AVAILABILITY = YES_AGGRESSIVE;
				CLANG_WARN_UNREACHABLE_CODE = YES;
				CLANG_WARN__DUPLICATE_METHOD_MATCH = YES;
				COPY_PHASE_STRIP = NO;
				DEBUG_INFORMATION_FORMAT = dwarf;
				DEVELOPMENT_TEAM = W35YJ39H5L;
				ENABLE_STRICT_OBJC_MSGSEND = YES;
				ENABLE_TESTABILITY = YES;
				ENABLE_USER_SCRIPT_SANDBOXING = YES;
				GCC_C_LANGUAGE_STANDARD = gnu17;
				GCC_DYNAMIC_NO_PIC = NO;
				GCC_NO_COMMON_BLOCKS = YES;
				GCC_OPTIMIZATION_LEVEL = 0;
				GCC_PREPROCESSOR_DEFINITIONS = (
					"DEBUG=1",
					"$(inherited)",
				);
				GCC_WARN_64_TO_32_BIT_CONVERSION = YES;
				GCC_WARN_ABOUT_RETURN_TYPE = YES_ERROR;
				GCC_WARN_UNDECLARED_SELECTOR = YES;
				GCC_WARN_UNINITIALIZED_AUTOS = YES_AGGRESSIVE;
				GCC_WARN_UNUSED_FUNCTION = YES;
				GCC_WARN_UNUSED_VARIABLE = YES;
				IPHONEOS_DEPLOYMENT_TARGET = 18.4;
				LOCALIZATION_PREFERS_STRING_CATALOGS = YES;
				MTL_ENABLE_DEBUG_INFO = INCLUDE_SOURCE;
				MTL_FAST_MATH = YES;
				ONLY_ACTIVE_ARCH = YES;
				SDKROOT = iphoneos;
				SUPPORTED_PLATFORMS = "iphonesimulator iphoneos";
				SUPPORTS_MACCATALYST = YES;
				SWIFT_ACTIVE_COMPILATION_CONDITIONS = "DEBUG $(inherited)";
				SWIFT_EMIT_LOC_STRINGS = YES;
				SWIFT_OPTIMIZATION_LEVEL = "-Onone";
				TARGETED_DEVICE_FAMILY = 1;
			};
			name = Debug;
		};
		C4CFA3562E70416A00140530 /* Release */ = {
			isa = XCBuildConfiguration;
			buildSettings = {
				ALLOW_TARGET_PLATFORM_SPECIALIZATION = YES;
				ALWAYS_SEARCH_USER_PATHS = NO;
				ASSETCATALOG_COMPILER_GENERATE_SWIFT_ASSET_SYMBOL_EXTENSIONS = YES;
				CLANG_ANALYZER_LOCALIZABILITY_NONLOCALIZED = YES;
				CLANG_ANALYZER_NONNULL = YES;
				CLANG_ANALYZER_NUMBER_OBJECT_CONVERSION = YES_AGGRESSIVE;
				CLANG_CXX_LANGUAGE_STANDARD = "gnu++20";
				CLANG_ENABLE_MODULES = YES;
				CLANG_ENABLE_OBJC_ARC = YES;
				CLANG_ENABLE_OBJC_WEAK = YES;
				CLANG_WARN_BLOCK_CAPTURE_AUTORELEASING = YES;
				CLANG_WARN_BOOL_CONVERSION = YES;
				CLANG_WARN_COMMA = YES;
				CLANG_WARN_CONSTANT_CONVERSION = YES;
				CLANG_WARN_DEPRECATED_OBJC_IMPLEMENTATIONS = YES;
				CLANG_WARN_DIRECT_OBJC_ISA_USAGE = YES_ERROR;
				CLANG_WARN_DOCUMENTATION_COMMENTS = YES;
				CLANG_WARN_EMPTY_BODY = YES;
				CLANG_WARN_ENUM_CONVERSION = YES;
				CLANG_WARN_INFINITE_RECURSION = YES;
				CLANG_WARN_INT_CONVERSION = YES;
				CLANG_WARN_NON_LITERAL_NULL_CONVERSION = YES;
				CLANG_WARN_OBJC_IMPLICIT_RETAIN_SELF = YES;
				CLANG_WARN_OBJC_LITERAL_CONVERSION = YES;
				CLANG_WARN_OBJC_ROOT_CLASS = YES_ERROR;
				CLANG_WARN_QUOTED_INCLUDE_IN_FRAMEWORK_HEADER = YES;
				CLANG_WARN_RANGE_LOOP_ANALYSIS = YES;
				CLANG_WARN_STRICT_PROTOTYPES = YES;
				CLANG_WARN_SUSPICIOUS_MOVE = YES;
				CLANG_WARN_UNGUARDED_AVAILABILITY = YES_AGGRESSIVE;
				CLANG_WARN_UNREACHABLE_CODE = YES;
				CLANG_WARN__DUPLICATE_METHOD_MATCH = YES;
				COPY_PHASE_STRIP = NO;
				DEBUG_INFORMATION_FORMAT = "dwarf-with-dsym";
				DEVELOPMENT_TEAM = W35YJ39H5L;
				ENABLE_NS_ASSERTIONS = NO;
				ENABLE_STRICT_OBJC_MSGSEND = YES;
				ENABLE_USER_SCRIPT_SANDBOXING = YES;
				GCC_C_LANGUAGE_STANDARD = gnu17;
				GCC_NO_COMMON_BLOCKS = YES;
				GCC_WARN_64_TO_32_BIT_CONVERSION = YES;
				GCC_WARN_ABOUT_RETURN_TYPE = YES_ERROR;
				GCC_WARN_UNDECLARED_SELECTOR = YES;
				GCC_WARN_UNINITIALIZED_AUTOS = YES_AGGRESSIVE;
				GCC_WARN_UNUSED_FUNCTION = YES;
				GCC_WARN_UNUSED_VARIABLE = YES;
				IPHONEOS_DEPLOYMENT_TARGET = 18.4;
				LOCALIZATION_PREFERS_STRING_CATALOGS = YES;
				MTL_ENABLE_DEBUG_INFO = NO;
				MTL_FAST_MATH = YES;
				SDKROOT = iphoneos;
				SUPPORTED_PLATFORMS = "iphonesimulator iphoneos";
				SUPPORTS_MACCATALYST = YES;
				SWIFT_COMPILATION_MODE = wholemodule;
				SWIFT_EMIT_LOC_STRINGS = YES;
				TARGETED_DEVICE_FAMILY = 1;
				VALIDATE_PRODUCT = YES;
			};
			name = Release;
		};
/* End XCBuildConfiguration section */

/* Begin XCConfigurationList section */
		642239712E74ADD50065A7AE /* Build configuration list for PBXNativeTarget "CompletenessTests" */ = {
			isa = XCConfigurationList;
			buildConfigurations = (
				6422396F2E74ADD50065A7AE /* Debug */,
				642239702E74ADD50065A7AE /* Release */,
			);
			defaultConfigurationIsVisible = 0;
			defaultConfigurationName = Release;
		};
		C4885F202E720C4800CE01BD /* Build configuration list for PBXNativeTarget "CompletenessCompenion Watch App" */ = {
			isa = XCConfigurationList;
			buildConfigurations = (
				C4885F212E720C4800CE01BD /* Debug */,
				C4885F222E720C4800CE01BD /* Release */,
			);
			defaultConfigurationIsVisible = 0;
			defaultConfigurationName = Release;
		};
		C49112342E74989600B988F5 /* Build configuration list for PBXNativeTarget "CompletenessWidgetsExtension" */ = {
			isa = XCConfigurationList;
			buildConfigurations = (
				C49112322E74989600B988F5 /* Debug */,
				C49112332E74989600B988F5 /* Release */,
			);
			defaultConfigurationIsVisible = 0;
			defaultConfigurationName = Release;
		};
		C4CFA33F2E70416900140530 /* Build configuration list for PBXProject "Completeness" */ = {
			isa = XCConfigurationList;
			buildConfigurations = (
				C4CFA3552E70416A00140530 /* Debug */,
				C4CFA3562E70416A00140530 /* Release */,
			);
			defaultConfigurationIsVisible = 0;
			defaultConfigurationName = Release;
		};
		C4CFA3522E70416A00140530 /* Build configuration list for PBXNativeTarget "Completeness" */ = {
			isa = XCConfigurationList;
			buildConfigurations = (
				C4CFA3532E70416A00140530 /* Debug */,
				C4CFA3542E70416A00140530 /* Release */,
			);
			defaultConfigurationIsVisible = 0;
			defaultConfigurationName = Release;
		};
/* End XCConfigurationList section */
	};
	rootObject = C4CFA33C2E70416900140530 /* Project object */;
}
